# This file is autogenerated, do not edit; changes may be undone by the next 'dep ensure'.


[[projects]]
  digest = "1:66945e9ce2458a9a7fe8b3ac074843f8e9c1a1049b1a323f71edcb7754268207"
  name = "github.com/vektah/gqlgen"
  packages = [
    "graphql",
    "neelance/common",
    "neelance/errors",
    "neelance/introspection",
    "neelance/query",
    "neelance/schema",
  ]
  pruneopts = "UT"
  revision = "381b34691fd93829e50ba8821412dc3467ec4821"
  version = "0.3.0"

[solve-meta]
  analyzer-name = "dep"
  analyzer-version = 1
  input-imports = [
    "github.com/vektah/gqlgen/graphql",
    "github.com/vektah/gqlgen/neelance/introspection",
    "github.com/vektah/gqlgen/neelance/query",
    "github.com/vektah/gqlgen/neelance/schema",
  ]
  solver-name = "gps-cdcl"
  solver-version = 1
